// !$*UTF8*$!
{
	archiveVersion = 1;
	classes = {
	};
	objectVersion = 50;
	objects = {

/* Begin PBXBuildFile section */
		F5C48DE82151D97D007FC99F /* AppDelegate.swift in Sources */ = {isa = PBXBuildFile; fileRef = F5C48DE72151D97D007FC99F /* AppDelegate.swift */; };
		F5C48DEA2151D97D007FC99F /* ViewController.swift in Sources */ = {isa = PBXBuildFile; fileRef = F5C48DE92151D97D007FC99F /* ViewController.swift */; };
		F5C48DED2151D97D007FC99F /* Main.storyboard in Resources */ = {isa = PBXBuildFile; fileRef = F5C48DEB2151D97D007FC99F /* Main.storyboard */; };
		F5C48DF02151D97D007FC99F /* TagsAndProductList.xcdatamodeld in Sources */ = {isa = PBXBuildFile; fileRef = F5C48DEE2151D97D007FC99F /* TagsAndProductList.xcdatamodeld */; };
		F5C48DF22151D97F007FC99F /* Assets.xcassets in Resources */ = {isa = PBXBuildFile; fileRef = F5C48DF12151D97F007FC99F /* Assets.xcassets */; };
		F5C48DF52151D97F007FC99F /* LaunchScreen.storyboard in Resources */ = {isa = PBXBuildFile; fileRef = F5C48DF32151D97F007FC99F /* LaunchScreen.storyboard */; };
		F5C48E002151D97F007FC99F /* TagsAndProductListTests.swift in Sources */ = {isa = PBXBuildFile; fileRef = F5C48DFF2151D97F007FC99F /* TagsAndProductListTests.swift */; };
		F5C48E0B2151D97F007FC99F /* TagsAndProductListUITests.swift in Sources */ = {isa = PBXBuildFile; fileRef = F5C48E0A2151D97F007FC99F /* TagsAndProductListUITests.swift */; };
/* End PBXBuildFile section */

/* Begin PBXContainerItemProxy section */
		F5C48DFC2151D97F007FC99F /* PBXContainerItemProxy */ = {
			isa = PBXContainerItemProxy;
			containerPortal = F5C48DDC2151D97D007FC99F /* Project object */;
			proxyType = 1;
			remoteGlobalIDString = F5C48DE32151D97D007FC99F;
			remoteInfo = TagsAndProductList;
		};
		F5C48E072151D97F007FC99F /* PBXContainerItemProxy */ = {
			isa = PBXContainerItemProxy;
			containerPortal = F5C48DDC2151D97D007FC99F /* Project object */;
			proxyType = 1;
			remoteGlobalIDString = F5C48DE32151D97D007FC99F;
			remoteInfo = TagsAndProductList;
		};
/* End PBXContainerItemProxy section */

/* Begin PBXFileReference section */
		F5C48DE42151D97D007FC99F /* TagsAndProductList.app */ = {isa = PBXFileReference; explicitFileType = wrapper.application; includeInIndex = 0; path = TagsAndProductList.app; sourceTree = BUILT_PRODUCTS_DIR; };
		F5C48DE72151D97D007FC99F /* AppDelegate.swift */ = {isa = PBXFileReference; lastKnownFileType = sourcecode.swift; path = AppDelegate.swift; sourceTree = "<group>"; };
		F5C48DE92151D97D007FC99F /* ViewController.swift */ = {isa = PBXFileReference; lastKnownFileType = sourcecode.swift; path = ViewController.swift; sourceTree = "<group>"; };
		F5C48DEC2151D97D007FC99F /* Base */ = {isa = PBXFileReference; lastKnownFileType = file.storyboard; name = Base; path = Base.lproj/Main.storyboard; sourceTree = "<group>"; };
		F5C48DEF2151D97D007FC99F /* TagsAndProductList.xcdatamodel */ = {isa = PBXFileReference; lastKnownFileType = wrapper.xcdatamodel; path = TagsAndProductList.xcdatamodel; sourceTree = "<group>"; };
		F5C48DF12151D97F007FC99F /* Assets.xcassets */ = {isa = PBXFileReference; lastKnownFileType = folder.assetcatalog; path = Assets.xcassets; sourceTree = "<group>"; };
		F5C48DF42151D97F007FC99F /* Base */ = {isa = PBXFileReference; lastKnownFileType = file.storyboard; name = Base; path = Base.lproj/LaunchScreen.storyboard; sourceTree = "<group>"; };
		F5C48DF62151D97F007FC99F /* Info.plist */ = {isa = PBXFileReference; lastKnownFileType = text.plist.xml; path = Info.plist; sourceTree = "<group>"; };
		F5C48DFB2151D97F007FC99F /* TagsAndProductListTests.xctest */ = {isa = PBXFileReference; explicitFileType = wrapper.cfbundle; includeInIndex = 0; path = TagsAndProductListTests.xctest; sourceTree = BUILT_PRODUCTS_DIR; };
		F5C48DFF2151D97F007FC99F /* TagsAndProductListTests.swift */ = {isa = PBXFileReference; lastKnownFileType = sourcecode.swift; path = TagsAndProductListTests.swift; sourceTree = "<group>"; };
		F5C48E012151D97F007FC99F /* Info.plist */ = {isa = PBXFileReference; lastKnownFileType = text.plist.xml; path = Info.plist; sourceTree = "<group>"; };
		F5C48E062151D97F007FC99F /* TagsAndProductListUITests.xctest */ = {isa = PBXFileReference; explicitFileType = wrapper.cfbundle; includeInIndex = 0; path = TagsAndProductListUITests.xctest; sourceTree = BUILT_PRODUCTS_DIR; };
		F5C48E0A2151D97F007FC99F /* TagsAndProductListUITests.swift */ = {isa = PBXFileReference; lastKnownFileType = sourcecode.swift; path = TagsAndProductListUITests.swift; sourceTree = "<group>"; };
		F5C48E0C2151D97F007FC99F /* Info.plist */ = {isa = PBXFileReference; lastKnownFileType = text.plist.xml; path = Info.plist; sourceTree = "<group>"; };
/* End PBXFileReference section */

/* Begin PBXFrameworksBuildPhase section */
		F5C48DE12151D97D007FC99F /* Frameworks */ = {
			isa = PBXFrameworksBuildPhase;
			buildActionMask = 2147483647;
			files = (
			);
			runOnlyForDeploymentPostprocessing = 0;
		};
		F5C48DF82151D97F007FC99F /* Frameworks */ = {
			isa = PBXFrameworksBuildPhase;
			buildActionMask = 2147483647;
			files = (
			);
			runOnlyForDeploymentPostprocessing = 0;
		};
		F5C48E032151D97F007FC99F /* Frameworks */ = {
			isa = PBXFrameworksBuildPhase;
			buildActionMask = 2147483647;
			files = (
			);
			runOnlyForDeploymentPostprocessing = 0;
		};
/* End PBXFrameworksBuildPhase section */

/* Begin PBXGroup section */
		F5C48DDB2151D97D007FC99F = {
			isa = PBXGroup;
			children = (
				F5C48DE62151D97D007FC99F /* TagsAndProductList */,
				F5C48DFE2151D97F007FC99F /* TagsAndProductListTests */,
				F5C48E092151D97F007FC99F /* TagsAndProductListUITests */,
				F5C48DE52151D97D007FC99F /* Products */,
			);
			sourceTree = "<group>";
		};
		F5C48DE52151D97D007FC99F /* Products */ = {
			isa = PBXGroup;
			children = (
				F5C48DE42151D97D007FC99F /* TagsAndProductList.app */,
				F5C48DFB2151D97F007FC99F /* TagsAndProductListTests.xctest */,
				F5C48E062151D97F007FC99F /* TagsAndProductListUITests.xctest */,
			);
			name = Products;
			sourceTree = "<group>";
		};
		F5C48DE62151D97D007FC99F /* TagsAndProductList */ = {
			isa = PBXGroup;
			children = (
				F5C48DE72151D97D007FC99F /* AppDelegate.swift */,
				F5C48DE92151D97D007FC99F /* ViewController.swift */,
				F5C48DEB2151D97D007FC99F /* Main.storyboard */,
				F5C48DF12151D97F007FC99F /* Assets.xcassets */,
				F5C48DF32151D97F007FC99F /* LaunchScreen.storyboard */,
				F5C48DF62151D97F007FC99F /* Info.plist */,
				F5C48DEE2151D97D007FC99F /* TagsAndProductList.xcdatamodeld */,
			);
			path = TagsAndProductList;
			sourceTree = "<group>";
		};
		F5C48DFE2151D97F007FC99F /* TagsAndProductListTests */ = {
			isa = PBXGroup;
			children = (
				F5C48DFF2151D97F007FC99F /* TagsAndProductListTests.swift */,
				F5C48E012151D97F007FC99F /* Info.plist */,
			);
			path = TagsAndProductListTests;
			sourceTree = "<group>";
		};
		F5C48E092151D97F007FC99F /* TagsAndProductListUITests */ = {
			isa = PBXGroup;
			children = (
				F5C48E0A2151D97F007FC99F /* TagsAndProductListUITests.swift */,
				F5C48E0C2151D97F007FC99F /* Info.plist */,
			);
			path = TagsAndProductListUITests;
			sourceTree = "<group>";
		};
/* End PBXGroup section */

/* Begin PBXNativeTarget section */
		F5C48DE32151D97D007FC99F /* TagsAndProductList */ = {
			isa = PBXNativeTarget;
			buildConfigurationList = F5C48E0F2151D97F007FC99F /* Build configuration list for PBXNativeTarget "TagsAndProductList" */;
			buildPhases = (
				F5C48DE02151D97D007FC99F /* Sources */,
				F5C48DE12151D97D007FC99F /* Frameworks */,
				F5C48DE22151D97D007FC99F /* Resources */,
			);
			buildRules = (
			);
			dependencies = (
			);
			name = TagsAndProductList;
			productName = TagsAndProductList;
			productReference = F5C48DE42151D97D007FC99F /* TagsAndProductList.app */;
			productType = "com.apple.product-type.application";
		};
		F5C48DFA2151D97F007FC99F /* TagsAndProductListTests */ = {
			isa = PBXNativeTarget;
			buildConfigurationList = F5C48E122151D97F007FC99F /* Build configuration list for PBXNativeTarget "TagsAndProductListTests" */;
			buildPhases = (
				F5C48DF72151D97F007FC99F /* Sources */,
				F5C48DF82151D97F007FC99F /* Frameworks */,
				F5C48DF92151D97F007FC99F /* Resources */,
			);
			buildRules = (
			);
			dependencies = (
				F5C48DFD2151D97F007FC99F /* PBXTargetDependency */,
			);
			name = TagsAndProductListTests;
			productName = TagsAndProductListTests;
			productReference = F5C48DFB2151D97F007FC99F /* TagsAndProductListTests.xctest */;
			productType = "com.apple.product-type.bundle.unit-test";
		};
		F5C48E052151D97F007FC99F /* TagsAndProductListUITests */ = {
			isa = PBXNativeTarget;
			buildConfigurationList = F5C48E152151D97F007FC99F /* Build configuration list for PBXNativeTarget "TagsAndProductListUITests" */;
			buildPhases = (
				F5C48E022151D97F007FC99F /* Sources */,
				F5C48E032151D97F007FC99F /* Frameworks */,
				F5C48E042151D97F007FC99F /* Resources */,
			);
			buildRules = (
			);
			dependencies = (
				F5C48E082151D97F007FC99F /* PBXTargetDependency */,
			);
			name = TagsAndProductListUITests;
			productName = TagsAndProductListUITests;
			productReference = F5C48E062151D97F007FC99F /* TagsAndProductListUITests.xctest */;
			productType = "com.apple.product-type.bundle.ui-testing";
		};
/* End PBXNativeTarget section */

/* Begin PBXProject section */
		F5C48DDC2151D97D007FC99F /* Project object */ = {
			isa = PBXProject;
			attributes = {
				LastSwiftUpdateCheck = 0940;
				LastUpgradeCheck = 0940;
				ORGANIZATIONNAME = "maple peijune";
				TargetAttributes = {
					F5C48DE32151D97D007FC99F = {
						CreatedOnToolsVersion = 9.4.1;
					};
					F5C48DFA2151D97F007FC99F = {
						CreatedOnToolsVersion = 9.4.1;
						TestTargetID = F5C48DE32151D97D007FC99F;
					};
					F5C48E052151D97F007FC99F = {
						CreatedOnToolsVersion = 9.4.1;
						TestTargetID = F5C48DE32151D97D007FC99F;
					};
				};
			};
			buildConfigurationList = F5C48DDF2151D97D007FC99F /* Build configuration list for PBXProject "TagsAndProductList" */;
			compatibilityVersion = "Xcode 9.3";
			developmentRegion = en;
			hasScannedForEncodings = 0;
			knownRegions = (
				en,
				Base,
			);
			mainGroup = F5C48DDB2151D97D007FC99F;
			productRefGroup = F5C48DE52151D97D007FC99F /* Products */;
			projectDirPath = "";
			projectRoot = "";
			targets = (
				F5C48DE32151D97D007FC99F /* TagsAndProductList */,
				F5C48DFA2151D97F007FC99F /* TagsAndProductListTests */,
				F5C48E052151D97F007FC99F /* TagsAndProductListUITests */,
			);
		};
/* End PBXProject section */

/* Begin PBXResourcesBuildPhase section */
		F5C48DE22151D97D007FC99F /* Resources */ = {
			isa = PBXResourcesBuildPhase;
			buildActionMask = 2147483647;
			files = (
				F5C48DF52151D97F007FC99F /* LaunchScreen.storyboard in Resources */,
				F5C48DF22151D97F007FC99F /* Assets.xcassets in Resources */,
				F5C48DED2151D97D007FC99F /* Main.storyboard in Resources */,
			);
			runOnlyForDeploymentPostprocessing = 0;
		};
		F5C48DF92151D97F007FC99F /* Resources */ = {
			isa = PBXResourcesBuildPhase;
			buildActionMask = 2147483647;
			files = (
			);
			runOnlyForDeploymentPostprocessing = 0;
		};
		F5C48E042151D97F007FC99F /* Resources */ = {
			isa = PBXResourcesBuildPhase;
			buildActionMask = 2147483647;
			files = (
			);
			runOnlyForDeploymentPostprocessing = 0;
		};
/* End PBXResourcesBuildPhase section */

/* Begin PBXSourcesBuildPhase section */
		F5C48DE02151D97D007FC99F /* Sources */ = {
			isa = PBXSourcesBuildPhase;
			buildActionMask = 2147483647;
			files = (
				F5C48DEA2151D97D007FC99F /* ViewController.swift in Sources */,
				F5C48DF02151D97D007FC99F /* TagsAndProductList.xcdatamodeld in Sources */,
				F5C48DE82151D97D007FC99F /* AppDelegate.swift in Sources */,
			);
			runOnlyForDeploymentPostprocessing = 0;
		};
		F5C48DF72151D97F007FC99F /* Sources */ = {
			isa = PBXSourcesBuildPhase;
			buildActionMask = 2147483647;
			files = (
				F5C48E002151D97F007FC99F /* TagsAndProductListTests.swift in Sources */,
			);
			runOnlyForDeploymentPostprocessing = 0;
		};
		F5C48E022151D97F007FC99F /* Sources */ = {
			isa = PBXSourcesBuildPhase;
			buildActionMask = 2147483647;
			files = (
				F5C48E0B2151D97F007FC99F /* TagsAndProductListUITests.swift in Sources */,
			);
			runOnlyForDeploymentPostprocessing = 0;
		};
/* End PBXSourcesBuildPhase section */

/* Begin PBXTargetDependency section */
		F5C48DFD2151D97F007FC99F /* PBXTargetDependency */ = {
			isa = PBXTargetDependency;
			target = F5C48DE32151D97D007FC99F /* TagsAndProductList */;
			targetProxy = F5C48DFC2151D97F007FC99F /* PBXContainerItemProxy */;
		};
		F5C48E082151D97F007FC99F /* PBXTargetDependency */ = {
			isa = PBXTargetDependency;
			target = F5C48DE32151D97D007FC99F /* TagsAndProductList */;
			targetProxy = F5C48E072151D97F007FC99F /* PBXContainerItemProxy */;
		};
/* End PBXTargetDependency section */

/* Begin PBXVariantGroup section */
		F5C48DEB2151D97D007FC99F /* Main.storyboard */ = {
			isa = PBXVariantGroup;
			children = (
				F5C48DEC2151D97D007FC99F /* Base */,
			);
			name = Main.storyboard;
			sourceTree = "<group>";
		};
		F5C48DF32151D97F007FC99F /* LaunchScreen.storyboard */ = {
			isa = PBXVariantGroup;
			children = (
				F5C48DF42151D97F007FC99F /* Base */,
			);
			name = LaunchScreen.storyboard;
			sourceTree = "<group>";
		};
/* End PBXVariantGroup section */

/* Begin XCBuildConfiguration section */
		F5C48E0D2151D97F007FC99F /* Debug */ = {
			isa = XCBuildConfiguration;
			buildSettings = {
				ALWAYS_SEARCH_USER_PATHS = NO;
				CLANG_ANALYZER_NONNULL = YES;
				CLANG_ANALYZER_NUMBER_OBJECT_CONVERSION = YES_AGGRESSIVE;
				CLANG_CXX_LANGUAGE_STANDARD = "gnu++14";
				CLANG_CXX_LIBRARY = "libc++";
				CLANG_ENABLE_MODULES = YES;
				CLANG_ENABLE_OBJC_ARC = YES;
				CLANG_ENABLE_OBJC_WEAK = YES;
				CLANG_WARN_BLOCK_CAPTURE_AUTORELEASING = YES;
				CLANG_WARN_BOOL_CONVERSION = YES;
				CLANG_WARN_COMMA = YES;
				CLANG_WARN_CONSTANT_CONVERSION = YES;
				CLANG_WARN_DEPRECATED_OBJC_IMPLEMENTATIONS = YES;
				CLANG_WARN_DIRECT_OBJC_ISA_USAGE = YES_ERROR;
				CLANG_WARN_DOCUMENTATION_COMMENTS = YES;
				CLANG_WARN_EMPTY_BODY = YES;
				CLANG_WARN_ENUM_CONVERSION = YES;
				CLANG_WARN_INFINITE_RECURSION = YES;
				CLANG_WARN_INT_CONVERSION = YES;
				CLANG_WARN_NON_LITERAL_NULL_CONVERSION = YES;
				CLANG_WARN_OBJC_IMPLICIT_RETAIN_SELF = YES;
				CLANG_WARN_OBJC_LITERAL_CONVERSION = YES;
				CLANG_WARN_OBJC_ROOT_CLASS = YES_ERROR;
				CLANG_WARN_RANGE_LOOP_ANALYSIS = YES;
				CLANG_WARN_STRICT_PROTOTYPES = YES;
				CLANG_WARN_SUSPICIOUS_MOVE = YES;
				CLANG_WARN_UNGUARDED_AVAILABILITY = YES_AGGRESSIVE;
				CLANG_WARN_UNREACHABLE_CODE = YES;
				CLANG_WARN__DUPLICATE_METHOD_MATCH = YES;
				CODE_SIGN_IDENTITY = "iPhone Developer";
				COPY_PHASE_STRIP = NO;
				DEBUG_INFORMATION_FORMAT = dwarf;
				ENABLE_STRICT_OBJC_MSGSEND = YES;
				ENABLE_TESTABILITY = YES;
				GCC_C_LANGUAGE_STANDARD = gnu11;
				GCC_DYNAMIC_NO_PIC = NO;
				GCC_NO_COMMON_BLOCKS = YES;
				GCC_OPTIMIZATION_LEVEL = 0;
				GCC_PREPROCESSOR_DEFINITIONS = (
					"DEBUG=1",
					"$(inherited)",
				);
				GCC_WARN_64_TO_32_BIT_CONVERSION = YES;
				GCC_WARN_ABOUT_RETURN_TYPE = YES_ERROR;
				GCC_WARN_UNDECLARED_SELECTOR = YES;
				GCC_WARN_UNINITIALIZED_AUTOS = YES_AGGRESSIVE;
				GCC_WARN_UNUSED_FUNCTION = YES;
				GCC_WARN_UNUSED_VARIABLE = YES;
				IPHONEOS_DEPLOYMENT_TARGET = 11.4;
				MTL_ENABLE_DEBUG_INFO = YES;
				ONLY_ACTIVE_ARCH = YES;
				SDKROOT = iphoneos;
				SWIFT_ACTIVE_COMPILATION_CONDITIONS = DEBUG;
				SWIFT_OPTIMIZATION_LEVEL = "-Onone";
			};
			name = Debug;
		};
		F5C48E0E2151D97F007FC99F /* Release */ = {
			isa = XCBuildConfiguration;
			buildSettings = {
				ALWAYS_SEARCH_USER_PATHS = NO;
				CLANG_ANALYZER_NONNULL = YES;
				CLANG_ANALYZER_NUMBER_OBJECT_CONVERSION = YES_AGGRESSIVE;
				CLANG_CXX_LANGUAGE_STANDARD = "gnu++14";
				CLANG_CXX_LIBRARY = "libc++";
				CLANG_ENABLE_MODULES = YES;
				CLANG_ENABLE_OBJC_ARC = YES;
				CLANG_ENABLE_OBJC_WEAK = YES;
				CLANG_WARN_BLOCK_CAPTURE_AUTORELEASING = YES;
				CLANG_WARN_BOOL_CONVERSION = YES;
				CLANG_WARN_COMMA = YES;
				CLANG_WARN_CONSTANT_CONVERSION = YES;
				CLANG_WARN_DEPRECATED_OBJC_IMPLEMENTATIONS = YES;
				CLANG_WARN_DIRECT_OBJC_ISA_USAGE = YES_ERROR;
				CLANG_WARN_DOCUMENTATION_COMMENTS = YES;
				CLANG_WARN_EMPTY_BODY = YES;
				CLANG_WARN_ENUM_CONVERSION = YES;
				CLANG_WARN_INFINITE_RECURSION = YES;
				CLANG_WARN_INT_CONVERSION = YES;
				CLANG_WARN_NON_LITERAL_NULL_CONVERSION = YES;
				CLANG_WARN_OBJC_IMPLICIT_RETAIN_SELF = YES;
				CLANG_WARN_OBJC_LITERAL_CONVERSION = YES;
				CLANG_WARN_OBJC_ROOT_CLASS = YES_ERROR;
				CLANG_WARN_RANGE_LOOP_ANALYSIS = YES;
				CLANG_WARN_STRICT_PROTOTYPES = YES;
				CLANG_WARN_SUSPICIOUS_MOVE = YES;
				CLANG_WARN_UNGUARDED_AVAILABILITY = YES_AGGRESSIVE;
				CLANG_WARN_UNREACHABLE_CODE = YES;
				CLANG_WARN__DUPLICATE_METHOD_MATCH = YES;
				CODE_SIGN_IDENTITY = "iPhone Developer";
				COPY_PHASE_STRIP = NO;
				DEBUG_INFORMATION_FORMAT = "dwarf-with-dsym";
				ENABLE_NS_ASSERTIONS = NO;
				ENABLE_STRICT_OBJC_MSGSEND = YES;
				GCC_C_LANGUAGE_STANDARD = gnu11;
				GCC_NO_COMMON_BLOCKS = YES;
				GCC_WARN_64_TO_32_BIT_CONVERSION = YES;
				GCC_WARN_ABOUT_RETURN_TYPE = YES_ERROR;
				GCC_WARN_UNDECLARED_SELECTOR = YES;
				GCC_WARN_UNINITIALIZED_AUTOS = YES_AGGRESSIVE;
				GCC_WARN_UNUSED_FUNCTION = YES;
				GCC_WARN_UNUSED_VARIABLE = YES;
				IPHONEOS_DEPLOYMENT_TARGET = 11.4;
				MTL_ENABLE_DEBUG_INFO = NO;
				SDKROOT = iphoneos;
				SWIFT_COMPILATION_MODE = wholemodule;
				SWIFT_OPTIMIZATION_LEVEL = "-O";
				VALIDATE_PRODUCT = YES;
			};
			name = Release;
		};
		F5C48E102151D97F007FC99F /* Debug */ = {
			isa = XCBuildConfiguration;
			buildSettings = {
				ASSETCATALOG_COMPILER_APPICON_NAME = AppIcon;
				CODE_SIGN_STYLE = Automatic;
				INFOPLIST_FILE = TagsAndProductList/Info.plist;
				LD_RUNPATH_SEARCH_PATHS = (
					"$(inherited)",
					"@executable_path/Frameworks",
				);
				PRODUCT_BUNDLE_IDENTIFIER = maple.TagsAndProductList;
				PRODUCT_NAME = "$(TARGET_NAME)";
				SWIFT_VERSION = 4.0;
				TARGETED_DEVICE_FAMILY = "1,2";
			};
			name = Debug;
		};
		F5C48E112151D97F007FC99F /* Release */ = {
			isa = XCBuildConfiguration;
			buildSettings = {
				ASSETCATALOG_COMPILER_APPICON_NAME = AppIcon;
				CODE_SIGN_STYLE = Automatic;
				INFOPLIST_FILE = TagsAndProductList/Info.plist;
				LD_RUNPATH_SEARCH_PATHS = (
					"$(inherited)",
					"@executable_path/Frameworks",
				);
				PRODUCT_BUNDLE_IDENTIFIER = maple.TagsAndProductList;
				PRODUCT_NAME = "$(TARGET_NAME)";
				SWIFT_VERSION = 4.0;
				TARGETED_DEVICE_FAMILY = "1,2";
			};
			name = Release;
		};
		F5C48E132151D97F007FC99F /* Debug */ = {
			isa = XCBuildConfiguration;
			buildSettings = {
				ALWAYS_EMBED_SWIFT_STANDARD_LIBRARIES = YES;
				BUNDLE_LOADER = "$(TEST_HOST)";
				CODE_SIGN_STYLE = Automatic;
				INFOPLIST_FILE = TagsAndProductListTests/Info.plist;
				LD_RUNPATH_SEARCH_PATHS = (
					"$(inherited)",
					"@executable_path/Frameworks",
					"@loader_path/Frameworks",
				);
				PRODUCT_BUNDLE_IDENTIFIER = maple.TagsAndProductListTests;
				PRODUCT_NAME = "$(TARGET_NAME)";
				SWIFT_VERSION = 4.0;
				TARGETED_DEVICE_FAMILY = "1,2";
				TEST_HOST = "$(BUILT_PRODUCTS_DIR)/TagsAndProductList.app/TagsAndProductList";
			};
			name = Debug;
		};
		F5C48E142151D97F007FC99F /* Release */ = {
			isa = XCBuildConfiguration;
			buildSettings = {
				ALWAYS_EMBED_SWIFT_STANDARD_LIBRARIES = YES;
				BUNDLE_LOADER = "$(TEST_HOST)";
				CODE_SIGN_STYLE = Automatic;
				INFOPLIST_FILE = TagsAndProductListTests/Info.plist;
				LD_RUNPATH_SEARCH_PATHS = (
					"$(inherited)",
					"@executable_path/Frameworks",
					"@loader_path/Frameworks",
				);
				PRODUCT_BUNDLE_IDENTIFIER = maple.TagsAndProductListTests;
				PRODUCT_NAME = "$(TARGET_NAME)";
				SWIFT_VERSION = 4.0;
				TARGETED_DEVICE_FAMILY = "1,2";
				TEST_HOST = "$(BUILT_PRODUCTS_DIR)/TagsAndProductList.app/TagsAndProductList";
			};
			name = Release;
		};
		F5C48E162151D97F007FC99F /* Debug */ = {
			isa = XCBuildConfiguration;
			buildSettings = {
				ALWAYS_EMBED_SWIFT_STANDARD_LIBRARIES = YES;
				CODE_SIGN_STYLE = Automatic;
				INFOPLIST_FILE = TagsAndProductListUITests/Info.plist;
				LD_RUNPATH_SEARCH_PATHS = (
					"$(inherited)",
					"@executable_path/Frameworks",
					"@loader_path/Frameworks",
				);
				PRODUCT_BUNDLE_IDENTIFIER = maple.TagsAndProductListUITests;
				PRODUCT_NAME = "$(TARGET_NAME)";
				SWIFT_VERSION = 4.0;
				TARGETED_DEVICE_FAMILY = "1,2";
				TEST_TARGET_NAME = TagsAndProductList;
			};
			name = Debug;
		};
		F5C48E172151D97F007FC99F /* Release */ = {
			isa = XCBuildConfiguration;
			buildSettings = {
				ALWAYS_EMBED_SWIFT_STANDARD_LIBRARIES = YES;
				CODE_SIGN_STYLE = Automatic;
				INFOPLIST_FILE = TagsAndProductListUITests/Info.plist;
				LD_RUNPATH_SEARCH_PATHS = (
					"$(inherited)",
					"@executable_path/Frameworks",
					"@loader_path/Frameworks",
				);
				PRODUCT_BUNDLE_IDENTIFIER = maple.TagsAndProductListUITests;
				PRODUCT_NAME = "$(TARGET_NAME)";
				SWIFT_VERSION = 4.0;
				TARGETED_DEVICE_FAMILY = "1,2";
				TEST_TARGET_NAME = TagsAndProductList;
			};
			name = Release;
		};
/* End XCBuildConfiguration section */

/* Begin XCConfigurationList section */
		F5C48DDF2151D97D007FC99F /* Build configuration list for PBXProject "TagsAndProductList" */ = {
			isa = XCConfigurationList;
			buildConfigurations = (
				F5C48E0D2151D97F007FC99F /* Debug */,
				F5C48E0E2151D97F007FC99F /* Release */,
			);
			defaultConfigurationIsVisible = 0;
			defaultConfigurationName = Release;
		};
		F5C48E0F2151D97F007FC99F /* Build configuration list for PBXNativeTarget "TagsAndProductList" */ = {
			isa = XCConfigurationList;
			buildConfigurations = (
				F5C48E102151D97F007FC99F /* Debug */,
				F5C48E112151D97F007FC99F /* Release */,
			);
			defaultConfigurationIsVisible = 0;
			defaultConfigurationName = Release;
		};
		F5C48E122151D97F007FC99F /* Build configuration list for PBXNativeTarget "TagsAndProductListTests" */ = {
			isa = XCConfigurationList;
			buildConfigurations = (
				F5C48E132151D97F007FC99F /* Debug */,
				F5C48E142151D97F007FC99F /* Release */,
			);
			defaultConfigurationIsVisible = 0;
			defaultConfigurationName = Release;
		};
		F5C48E152151D97F007FC99F /* Build configuration list for PBXNativeTarget "TagsAndProductListUITests" */ = {
			isa = XCConfigurationList;
			buildConfigurations = (
				F5C48E162151D97F007FC99F /* Debug */,
				F5C48E172151D97F007FC99F /* Release */,
			);
			defaultConfigurationIsVisible = 0;
			defaultConfigurationName = Release;
		};
/* End XCConfigurationList section */

/* Begin XCVersionGroup section */
		F5C48DEE2151D97D007FC99F /* TagsAndProductList.xcdatamodeld */ = {
			isa = XCVersionGroup;
			children = (
				F5C48DEF2151D97D007FC99F /* TagsAndProductList.xcdatamodel */,
			);
			currentVersion = F5C48DEF2151D97D007FC99F /* TagsAndProductList.xcdatamodel */;
			path = TagsAndProductList.xcdatamodeld;
			sourceTree = "<group>";
			versionGroupType = wrapper.xcdatamodel;
		};
/* End XCVersionGroup section */
	};
	rootObject = F5C48DDC2151D97D007FC99F /* Project object */;
}
